
Microsoft Visual Studio Solution File, Format Version 12.00
# Visual Studio Version 17
VisualStudioVersion = 17.4.33213.308
MinimumVisualStudioVersion = 10.0.40219.1
Project("{9A19103F-16F7-4668-BE54-9A1E7A4F7556}") = "ERGenerator", "ERGenerator\ERGenerator.csproj", "{8B62C091-A071-4938-9E0D-E6DF05860425}"
EndProject
Project("{FAE04EC0-301F-11D3-BF4B-00C04F79EFBC}") = "TestProject", "TestProject\TestProject.csproj", "{1841AC14-3BF8-430C-987B-47775B7F2C59}"
EndProject
Global
	GlobalSection(SolutionConfigurationPlatforms) = preSolution
		Debug|Any CPU = Debug|Any CPU
		Release|Any CPU = Release|Any CPU
	EndGlobalSection
	GlobalSection(ProjectConfigurationPlatforms) = postSolution
		{8B62C091-A071-4938-9E0D-E6DF05860425}.Debug|Any CPU.ActiveCfg = Debug|Any CPU
		{8B62C091-A071-4938-9E0D-E6DF05860425}.Debug|Any CPU.Build.0 = Debug|Any CPU
		{8B62C091-A071-4938-9E0D-E6DF05860425}.Release|Any CPU.ActiveCfg = Release|Any CPU
		{8B62C091-A071-4938-9E0D-E6DF05860425}.Release|Any CPU.Build.0 = Release|Any CPU
		{1841AC14-3BF8-430C-987B-47775B7F2C59}.Debug|Any CPU.ActiveCfg = Debug|Any CPU
		{1841AC14-3BF8-430C-987B-47775B7F2C59}.Debug|Any CPU.Build.0 = Debug|Any CPU
		{1841AC14-3BF8-430C-987B-47775B7F2C59}.Release|Any CPU.ActiveCfg = Release|Any CPU
		{1841AC14-3BF8-430C-987B-47775B7F2C59}.Release|Any CPU.Build.0 = Release|Any CPU
	EndGlobalSection
	GlobalSection(SolutionProperties) = preSolution
		HideSolutionNode = FALSE
	EndGlobalSection
	GlobalSection(ExtensibilityGlobals) = postSolution
		SolutionGuid = {FA566CC4-8631-4FFD-B54A-F49596F978EE}
	EndGlobalSection
EndGlobal
